{
  "name": "v9-solo-manu-4216",
  "version": "1.0.0",
  "lockfileVersion": 1,
  "requires": true,
  "dependencies": {
    "dotenv": {
      "version": "8.0.0",
      "resolved": "https://registry.npmjs.org/dotenv/-/dotenv-8.0.0.tgz",
      "integrity": "sha512-30xVGqjLjiUOArT4+M5q9sYdvuR4riM6yK9wMcas9Vbp6zZa+ocC9dp6QoftuhTPhFAiLK/0C5Ni2nou/Bk8lg=="
    },
    "nodemailer": {
      "version": "6.2.1",
      "resolved": "https://registry.npmjs.org/nodemailer/-/nodemailer-6.2.1.tgz",
      "integrity": "sha512-TagB7iuIi9uyNgHExo8lUDq3VK5/B0BpbkcjIgNvxbtVrjNqq0DwAOTuzALPVkK76kMhTSzIgHqg8X1uklVs6g=="
    },
    "prettier": {
      "version": "1.18.2",
      "resolved": "https://registry.npmjs.org/prettier/-/prettier-1.18.2.tgz",
      "integrity": "sha512-OeHeMc0JhFE9idD4ZdtNibzY0+TPHSpSSb9h8FqtP+YnoZZ1sl8Vc9b1sasjfymH3SonAF4QcA2+mzHPhMvIiw==",
      "dev": true
    }
  }
}
